// !$*UTF8*$!
{
	archiveVersion = 1;
	classes = {
	};
	objectVersion = 50;
	objects = {

/* Begin PBXBuildFile section */
		ACDB478BCAF3954A1F8993E5 /* Pods_Todoit.framework in Frameworks */ = {isa = PBXBuildFile; fileRef = E063C8929AF1E7DA6BA0292B /* Pods_Todoit.framework */; };
		EB01D3BD2162E7DF00250FB0 /* AppDelegate.swift in Sources */ = {isa = PBXBuildFile; fileRef = EB01D3BC2162E7DF00250FB0 /* AppDelegate.swift */; };
		EB01D3BF2162E7DF00250FB0 /* TodoListViewController.swift in Sources */ = {isa = PBXBuildFile; fileRef = EB01D3BE2162E7DF00250FB0 /* TodoListViewController.swift */; };
		EB01D3C22162E7DF00250FB0 /* Main.storyboard in Resources */ = {isa = PBXBuildFile; fileRef = EB01D3C02162E7DF00250FB0 /* Main.storyboard */; };
		EB01D3C42162E7E400250FB0 /* Assets.xcassets in Resources */ = {isa = PBXBuildFile; fileRef = EB01D3C32162E7E400250FB0 /* Assets.xcassets */; };
		EB01D3C72162E7E400250FB0 /* LaunchScreen.storyboard in Resources */ = {isa = PBXBuildFile; fileRef = EB01D3C52162E7E400250FB0 /* LaunchScreen.storyboard */; };
		EBF8D9D82168877100A57547 /* CategoryViewController.swift in Sources */ = {isa = PBXBuildFile; fileRef = EBF8D9D72168877100A57547 /* CategoryViewController.swift */; };
		EBF8D9DC216AB1E200A57547 /* Item.swift in Sources */ = {isa = PBXBuildFile; fileRef = EBF8D9DB216AB1E200A57547 /* Item.swift */; };
		EBF8D9DE216AB1F100A57547 /* Category.swift in Sources */ = {isa = PBXBuildFile; fileRef = EBF8D9DD216AB1F100A57547 /* Category.swift */; };
/* End PBXBuildFile section */

/* Begin PBXFileReference section */
		485B014C31AACFCDA81686CA /* Pods-Todoit.debug.xcconfig */ = {isa = PBXFileReference; includeInIndex = 1; lastKnownFileType = text.xcconfig; name = "Pods-Todoit.debug.xcconfig"; path = "Pods/Target Support Files/Pods-Todoit/Pods-Todoit.debug.xcconfig"; sourceTree = "<group>"; };
		DA6E707CD81CA4DAA4FCE859 /* Pods-Todoit.release.xcconfig */ = {isa = PBXFileReference; includeInIndex = 1; lastKnownFileType = text.xcconfig; name = "Pods-Todoit.release.xcconfig"; path = "Pods/Target Support Files/Pods-Todoit/Pods-Todoit.release.xcconfig"; sourceTree = "<group>"; };
		E063C8929AF1E7DA6BA0292B /* Pods_Todoit.framework */ = {isa = PBXFileReference; explicitFileType = wrapper.framework; includeInIndex = 0; path = Pods_Todoit.framework; sourceTree = BUILT_PRODUCTS_DIR; };
		EB01D3B92162E7DF00250FB0 /* Todoit.app */ = {isa = PBXFileReference; explicitFileType = wrapper.application; includeInIndex = 0; path = Todoit.app; sourceTree = BUILT_PRODUCTS_DIR; };
		EB01D3BC2162E7DF00250FB0 /* AppDelegate.swift */ = {isa = PBXFileReference; lastKnownFileType = sourcecode.swift; path = AppDelegate.swift; sourceTree = "<group>"; };
		EB01D3BE2162E7DF00250FB0 /* TodoListViewController.swift */ = {isa = PBXFileReference; lastKnownFileType = sourcecode.swift; path = TodoListViewController.swift; sourceTree = "<group>"; };
		EB01D3C12162E7DF00250FB0 /* Base */ = {isa = PBXFileReference; lastKnownFileType = file.storyboard; name = Base; path = Base.lproj/Main.storyboard; sourceTree = "<group>"; };
		EB01D3C32162E7E400250FB0 /* Assets.xcassets */ = {isa = PBXFileReference; lastKnownFileType = folder.assetcatalog; path = Assets.xcassets; sourceTree = "<group>"; };
		EB01D3C62162E7E400250FB0 /* Base */ = {isa = PBXFileReference; lastKnownFileType = file.storyboard; name = Base; path = Base.lproj/LaunchScreen.storyboard; sourceTree = "<group>"; };
		EB01D3C82162E7E400250FB0 /* Info.plist */ = {isa = PBXFileReference; lastKnownFileType = text.plist.xml; path = Info.plist; sourceTree = "<group>"; };
		EBF8D9D72168877100A57547 /* CategoryViewController.swift */ = {isa = PBXFileReference; lastKnownFileType = sourcecode.swift; path = CategoryViewController.swift; sourceTree = "<group>"; };
		EBF8D9DB216AB1E200A57547 /* Item.swift */ = {isa = PBXFileReference; lastKnownFileType = sourcecode.swift; path = Item.swift; sourceTree = "<group>"; };
		EBF8D9DD216AB1F100A57547 /* Category.swift */ = {isa = PBXFileReference; lastKnownFileType = sourcecode.swift; path = Category.swift; sourceTree = "<group>"; };
/* End PBXFileReference section */

/* Begin PBXFrameworksBuildPhase section */
		EB01D3B62162E7DF00250FB0 /* Frameworks */ = {
			isa = PBXFrameworksBuildPhase;
			buildActionMask = 2147483647;
			files = (
				ACDB478BCAF3954A1F8993E5 /* Pods_Todoit.framework in Frameworks */,
			);
			runOnlyForDeploymentPostprocessing = 0;
		};
/* End PBXFrameworksBuildPhase section */

/* Begin PBXGroup section */
		15CEC49A809B93CA217C469A /* Frameworks */ = {
			isa = PBXGroup;
			children = (
				E063C8929AF1E7DA6BA0292B /* Pods_Todoit.framework */,
			);
			name = Frameworks;
			sourceTree = "<group>";
		};
		250B96D3C144515C3D9C3E62 /* Pods */ = {
			isa = PBXGroup;
			children = (
				485B014C31AACFCDA81686CA /* Pods-Todoit.debug.xcconfig */,
				DA6E707CD81CA4DAA4FCE859 /* Pods-Todoit.release.xcconfig */,
			);
			name = Pods;
			sourceTree = "<group>";
		};
		EB01D3B02162E7DF00250FB0 = {
			isa = PBXGroup;
			children = (
				EB01D3BB2162E7DF00250FB0 /* Todoit */,
				EB01D3BA2162E7DF00250FB0 /* Products */,
				250B96D3C144515C3D9C3E62 /* Pods */,
				15CEC49A809B93CA217C469A /* Frameworks */,
			);
			sourceTree = "<group>";
		};
		EB01D3BA2162E7DF00250FB0 /* Products */ = {
			isa = PBXGroup;
			children = (
				EB01D3B92162E7DF00250FB0 /* Todoit.app */,
			);
			name = Products;
			sourceTree = "<group>";
		};
		EB01D3BB2162E7DF00250FB0 /* Todoit */ = {
			isa = PBXGroup;
			children = (
				EB01D3BC2162E7DF00250FB0 /* AppDelegate.swift */,
				EB01D3D12165A15F00250FB0 /* Controllers */,
				EB01D3D02165A13100250FB0 /* Data Model */,
				EB01D3D22165A1A300250FB0 /* Views */,
				EB01D3C02162E7DF00250FB0 /* Main.storyboard */,
				EB01D3D32165A30F00250FB0 /* Supporting Files */,
				EB01D3C82162E7E400250FB0 /* Info.plist */,
			);
			path = Todoit;
			sourceTree = "<group>";
		};
		EB01D3D02165A13100250FB0 /* Data Model */ = {
			isa = PBXGroup;
			children = (
				EBF8D9DD216AB1F100A57547 /* Category.swift */,
				EBF8D9DB216AB1E200A57547 /* Item.swift */,
			);
			path = "Data Model";
			sourceTree = "<group>";
		};
		EB01D3D12165A15F00250FB0 /* Controllers */ = {
			isa = PBXGroup;
			children = (
				EBF8D9D72168877100A57547 /* CategoryViewController.swift */,
				EB01D3BE2162E7DF00250FB0 /* TodoListViewController.swift */,
			);
			path = Controllers;
			sourceTree = "<group>";
		};
		EB01D3D22165A1A300250FB0 /* Views */ = {
			isa = PBXGroup;
			children = (
			);
			path = Views;
			sourceTree = "<group>";
		};
		EB01D3D32165A30F00250FB0 /* Supporting Files */ = {
			isa = PBXGroup;
			children = (
				EB01D3C32162E7E400250FB0 /* Assets.xcassets */,
				EB01D3C52162E7E400250FB0 /* LaunchScreen.storyboard */,
			);
			path = "Supporting Files";
			sourceTree = "<group>";
		};
/* End PBXGroup section */

/* Begin PBXNativeTarget section */
		EB01D3B82162E7DF00250FB0 /* Todoit */ = {
			isa = PBXNativeTarget;
			buildConfigurationList = EB01D3CB2162E7E400250FB0 /* Build configuration list for PBXNativeTarget "Todoit" */;
			buildPhases = (
				FD2A42D270F9EABA25332B89 /* [CP] Check Pods Manifest.lock */,
				EB01D3B52162E7DF00250FB0 /* Sources */,
				EB01D3B62162E7DF00250FB0 /* Frameworks */,
				EB01D3B72162E7DF00250FB0 /* Resources */,
				6294E28709E4F79CF1F7E4D0 /* [CP] Embed Pods Frameworks */,
			);
			buildRules = (
			);
			dependencies = (
			);
			name = Todoit;
			productName = Todoit;
			productReference = EB01D3B92162E7DF00250FB0 /* Todoit.app */;
			productType = "com.apple.product-type.application";
		};
/* End PBXNativeTarget section */

/* Begin PBXProject section */
		EB01D3B12162E7DF00250FB0 /* Project object */ = {
			isa = PBXProject;
			attributes = {
				LastSwiftUpdateCheck = 1000;
				LastUpgradeCheck = 1000;
				ORGANIZATIONNAME = "Jessica Peters";
				TargetAttributes = {
					EB01D3B82162E7DF00250FB0 = {
						CreatedOnToolsVersion = 10.0;
					};
				};
			};
			buildConfigurationList = EB01D3B42162E7DF00250FB0 /* Build configuration list for PBXProject "Todoit" */;
			compatibilityVersion = "Xcode 9.3";
			developmentRegion = en;
			hasScannedForEncodings = 0;
			knownRegions = (
				en,
				Base,
			);
			mainGroup = EB01D3B02162E7DF00250FB0;
			productRefGroup = EB01D3BA2162E7DF00250FB0 /* Products */;
			projectDirPath = "";
			projectRoot = "";
			targets = (
				EB01D3B82162E7DF00250FB0 /* Todoit */,
			);
		};
/* End PBXProject section */

/* Begin PBXResourcesBuildPhase section */
		EB01D3B72162E7DF00250FB0 /* Resources */ = {
			isa = PBXResourcesBuildPhase;
			buildActionMask = 2147483647;
			files = (
				EB01D3C72162E7E400250FB0 /* LaunchScreen.storyboard in Resources */,
				EB01D3C42162E7E400250FB0 /* Assets.xcassets in Resources */,
				EB01D3C22162E7DF00250FB0 /* Main.storyboard in Resources */,
			);
			runOnlyForDeploymentPostprocessing = 0;
		};
/* End PBXResourcesBuildPhase section */

/* Begin PBXShellScriptBuildPhase section */
		6294E28709E4F79CF1F7E4D0 /* [CP] Embed Pods Frameworks */ = {
			isa = PBXShellScriptBuildPhase;
			buildActionMask = 2147483647;
			files = (
			);
			inputFileListPaths = (
			);
			inputPaths = (
				"${SRCROOT}/Pods/Target Support Files/Pods-Todoit/Pods-Todoit-frameworks.sh",
				"${BUILT_PRODUCTS_DIR}/Realm/Realm.framework",
				"${BUILT_PRODUCTS_DIR}/RealmSwift/RealmSwift.framework",
				"${BUILT_PRODUCTS_DIR}/SwipeCellKit/SwipeCellKit.framework",
			);
			name = "[CP] Embed Pods Frameworks";
			outputFileListPaths = (
			);
			outputPaths = (
				"${TARGET_BUILD_DIR}/${FRAMEWORKS_FOLDER_PATH}/Realm.framework",
				"${TARGET_BUILD_DIR}/${FRAMEWORKS_FOLDER_PATH}/RealmSwift.framework",
				"${TARGET_BUILD_DIR}/${FRAMEWORKS_FOLDER_PATH}/SwipeCellKit.framework",
			);
			runOnlyForDeploymentPostprocessing = 0;
			shellPath = /bin/sh;
			shellScript = "\"${SRCROOT}/Pods/Target Support Files/Pods-Todoit/Pods-Todoit-frameworks.sh\"\n";
			showEnvVarsInLog = 0;
		};
		FD2A42D270F9EABA25332B89 /* [CP] Check Pods Manifest.lock */ = {
			isa = PBXShellScriptBuildPhase;
			buildActionMask = 2147483647;
			files = (
			);
			inputFileListPaths = (
			);
			inputPaths = (
				"${PODS_PODFILE_DIR_PATH}/Podfile.lock",
				"${PODS_ROOT}/Manifest.lock",
			);
			name = "[CP] Check Pods Manifest.lock";
			outputFileListPaths = (
			);
			outputPaths = (
				"$(DERIVED_FILE_DIR)/Pods-Todoit-checkManifestLockResult.txt",
			);
			runOnlyForDeploymentPostprocessing = 0;
			shellPath = /bin/sh;
			shellScript = "diff \"${PODS_PODFILE_DIR_PATH}/Podfile.lock\" \"${PODS_ROOT}/Manifest.lock\" > /dev/null\nif [ $? != 0 ] ; then\n    # print error to STDERR\n    echo \"error: The sandbox is not in sync with the Podfile.lock. Run 'pod install' or update your CocoaPods installation.\" >&2\n    exit 1\nfi\n# This output is used by Xcode 'outputs' to avoid re-running this script phase.\necho \"SUCCESS\" > \"${SCRIPT_OUTPUT_FILE_0}\"\n";
			showEnvVarsInLog = 0;
		};
/* End PBXShellScriptBuildPhase section */

/* Begin PBXSourcesBuildPhase section */
		EB01D3B52162E7DF00250FB0 /* Sources */ = {
			isa = PBXSourcesBuildPhase;
			buildActionMask = 2147483647;
			files = (
				EBF8D9DC216AB1E200A57547 /* Item.swift in Sources */,
				EBF8D9D82168877100A57547 /* CategoryViewController.swift in Sources */,
				EB01D3BF2162E7DF00250FB0 /* TodoListViewController.swift in Sources */,
				EB01D3BD2162E7DF00250FB0 /* AppDelegate.swift in Sources */,
				EBF8D9DE216AB1F100A57547 /* Category.swift in Sources */,
			);
			runOnlyForDeploymentPostprocessing = 0;
		};
/* End PBXSourcesBuildPhase section */

/* Begin PBXVariantGroup section */
		EB01D3C02162E7DF00250FB0 /* Main.storyboard */ = {
			isa = PBXVariantGroup;
			children = (
				EB01D3C12162E7DF00250FB0 /* Base */,
			);
			name = Main.storyboard;
			sourceTree = "<group>";
		};
		EB01D3C52162E7E400250FB0 /* LaunchScreen.storyboard */ = {
			isa = PBXVariantGroup;
			children = (
				EB01D3C62162E7E400250FB0 /* Base */,
			);
			name = LaunchScreen.storyboard;
			sourceTree = "<group>";
		};
/* End PBXVariantGroup section */

/* Begin XCBuildConfiguration section */
		EB01D3C92162E7E400250FB0 /* Debug */ = {
			isa = XCBuildConfiguration;
			buildSettings = {
				ALWAYS_SEARCH_USER_PATHS = NO;
				CLANG_ANALYZER_NONNULL = YES;
				CLANG_ANALYZER_NUMBER_OBJECT_CONVERSION = YES_AGGRESSIVE;
				CLANG_CXX_LANGUAGE_STANDARD = "gnu++14";
				CLANG_CXX_LIBRARY = "libc++";
				CLANG_ENABLE_MODULES = YES;
				CLANG_ENABLE_OBJC_ARC = YES;
				CLANG_ENABLE_OBJC_WEAK = YES;
				CLANG_WARN_BLOCK_CAPTURE_AUTORELEASING = YES;
				CLANG_WARN_BOOL_CONVERSION = YES;
				CLANG_WARN_COMMA = YES;
				CLANG_WARN_CONSTANT_CONVERSION = YES;
				CLANG_WARN_DEPRECATED_OBJC_IMPLEMENTATIONS = YES;
				CLANG_WARN_DIRECT_OBJC_ISA_USAGE = YES_ERROR;
				CLANG_WARN_DOCUMENTATION_COMMENTS = YES;
				CLANG_WARN_EMPTY_BODY = YES;
				CLANG_WARN_ENUM_CONVERSION = YES;
				CLANG_WARN_INFINITE_RECURSION = YES;
				CLANG_WARN_INT_CONVERSION = YES;
				CLANG_WARN_NON_LITERAL_NULL_CONVERSION = YES;
				CLANG_WARN_OBJC_IMPLICIT_RETAIN_SELF = YES;
				CLANG_WARN_OBJC_LITERAL_CONVERSION = YES;
				CLANG_WARN_OBJC_ROOT_CLASS = YES_ERROR;
				CLANG_WARN_RANGE_LOOP_ANALYSIS = YES;
				CLANG_WARN_STRICT_PROTOTYPES = YES;
				CLANG_WARN_SUSPICIOUS_MOVE = YES;
				CLANG_WARN_UNGUARDED_AVAILABILITY = YES_AGGRESSIVE;
				CLANG_WARN_UNREACHABLE_CODE = YES;
				CLANG_WARN__DUPLICATE_METHOD_MATCH = YES;
				CODE_SIGN_IDENTITY = "iPhone Developer";
				COPY_PHASE_STRIP = NO;
				DEBUG_INFORMATION_FORMAT = dwarf;
				ENABLE_STRICT_OBJC_MSGSEND = YES;
				ENABLE_TESTABILITY = YES;
				GCC_C_LANGUAGE_STANDARD = gnu11;
				GCC_DYNAMIC_NO_PIC = NO;
				GCC_NO_COMMON_BLOCKS = YES;
				GCC_OPTIMIZATION_LEVEL = 0;
				GCC_PREPROCESSOR_DEFINITIONS = (
					"DEBUG=1",
					"$(inherited)",
				);
				GCC_WARN_64_TO_32_BIT_CONVERSION = YES;
				GCC_WARN_ABOUT_RETURN_TYPE = YES_ERROR;
				GCC_WARN_UNDECLARED_SELECTOR = YES;
				GCC_WARN_UNINITIALIZED_AUTOS = YES_AGGRESSIVE;
				GCC_WARN_UNUSED_FUNCTION = YES;
				GCC_WARN_UNUSED_VARIABLE = YES;
				IPHONEOS_DEPLOYMENT_TARGET = 12.0;
				MTL_ENABLE_DEBUG_INFO = INCLUDE_SOURCE;
				MTL_FAST_MATH = YES;
				ONLY_ACTIVE_ARCH = YES;
				SDKROOT = iphoneos;
				SWIFT_ACTIVE_COMPILATION_CONDITIONS = DEBUG;
				SWIFT_OPTIMIZATION_LEVEL = "-Onone";
			};
			name = Debug;
		};
		EB01D3CA2162E7E400250FB0 /* Release */ = {
			isa = XCBuildConfiguration;
			buildSettings = {
				ALWAYS_SEARCH_USER_PATHS = NO;
				CLANG_ANALYZER_NONNULL = YES;
				CLANG_ANALYZER_NUMBER_OBJECT_CONVERSION = YES_AGGRESSIVE;
				CLANG_CXX_LANGUAGE_STANDARD = "gnu++14";
				CLANG_CXX_LIBRARY = "libc++";
				CLANG_ENABLE_MODULES = YES;
				CLANG_ENABLE_OBJC_ARC = YES;
				CLANG_ENABLE_OBJC_WEAK = YES;
				CLANG_WARN_BLOCK_CAPTURE_AUTORELEASING = YES;
				CLANG_WARN_BOOL_CONVERSION = YES;
				CLANG_WARN_COMMA = YES;
				CLANG_WARN_CONSTANT_CONVERSION = YES;
				CLANG_WARN_DEPRECATED_OBJC_IMPLEMENTATIONS = YES;
				CLANG_WARN_DIRECT_OBJC_ISA_USAGE = YES_ERROR;
				CLANG_WARN_DOCUMENTATION_COMMENTS = YES;
				CLANG_WARN_EMPTY_BODY = YES;
				CLANG_WARN_ENUM_CONVERSION = YES;
				CLANG_WARN_INFINITE_RECURSION = YES;
				CLANG_WARN_INT_CONVERSION = YES;
				CLANG_WARN_NON_LITERAL_NULL_CONVERSION = YES;
				CLANG_WARN_OBJC_IMPLICIT_RETAIN_SELF = YES;
				CLANG_WARN_OBJC_LITERAL_CONVERSION = YES;
				CLANG_WARN_OBJC_ROOT_CLASS = YES_ERROR;
				CLANG_WARN_RANGE_LOOP_ANALYSIS = YES;
				CLANG_WARN_STRICT_PROTOTYPES = YES;
				CLANG_WARN_SUSPICIOUS_MOVE = YES;
				CLANG_WARN_UNGUARDED_AVAILABILITY = YES_AGGRESSIVE;
				CLANG_WARN_UNREACHABLE_CODE = YES;
				CLANG_WARN__DUPLICATE_METHOD_MATCH = YES;
				CODE_SIGN_IDENTITY = "iPhone Developer";
				COPY_PHASE_STRIP = NO;
				DEBUG_INFORMATION_FORMAT = "dwarf-with-dsym";
				ENABLE_NS_ASSERTIONS = NO;
				ENABLE_STRICT_OBJC_MSGSEND = YES;
				GCC_C_LANGUAGE_STANDARD = gnu11;
				GCC_NO_COMMON_BLOCKS = YES;
				GCC_WARN_64_TO_32_BIT_CONVERSION = YES;
				GCC_WARN_ABOUT_RETURN_TYPE = YES_ERROR;
				GCC_WARN_UNDECLARED_SELECTOR = YES;
				GCC_WARN_UNINITIALIZED_AUTOS = YES_AGGRESSIVE;
				GCC_WARN_UNUSED_FUNCTION = YES;
				GCC_WARN_UNUSED_VARIABLE = YES;
				IPHONEOS_DEPLOYMENT_TARGET = 12.0;
				MTL_ENABLE_DEBUG_INFO = NO;
				MTL_FAST_MATH = YES;
				SDKROOT = iphoneos;
				SWIFT_COMPILATION_MODE = wholemodule;
				SWIFT_OPTIMIZATION_LEVEL = "-O";
				VALIDATE_PRODUCT = YES;
			};
			name = Release;
		};
		EB01D3CC2162E7E400250FB0 /* Debug */ = {
			isa = XCBuildConfiguration;
			baseConfigurationReference = 485B014C31AACFCDA81686CA /* Pods-Todoit.debug.xcconfig */;
			buildSettings = {
				ASSETCATALOG_COMPILER_APPICON_NAME = AppIcon;
				CODE_SIGN_STYLE = Automatic;
				DEVELOPMENT_TEAM = T56874KA64;
				INFOPLIST_FILE = Todoit/Info.plist;
				LD_RUNPATH_SEARCH_PATHS = (
					"$(inherited)",
					"@executable_path/Frameworks",
				);
				PRODUCT_BUNDLE_IDENTIFIER = "com.Media-Coconut.Todoit";
				PRODUCT_NAME = "$(TARGET_NAME)";
				SWIFT_VERSION = 4.2;
				TARGETED_DEVICE_FAMILY = "1,2";
			};
			name = Debug;
		};
		EB01D3CD2162E7E400250FB0 /* Release */ = {
			isa = XCBuildConfiguration;
			baseConfigurationReference = DA6E707CD81CA4DAA4FCE859 /* Pods-Todoit.release.xcconfig */;
			buildSettings = {
				ASSETCATALOG_COMPILER_APPICON_NAME = AppIcon;
				CODE_SIGN_STYLE = Automatic;
				DEVELOPMENT_TEAM = T56874KA64;
				INFOPLIST_FILE = Todoit/Info.plist;
				LD_RUNPATH_SEARCH_PATHS = (
					"$(inherited)",
					"@executable_path/Frameworks",
				);
				PRODUCT_BUNDLE_IDENTIFIER = "com.Media-Coconut.Todoit";
				PRODUCT_NAME = "$(TARGET_NAME)";
				SWIFT_VERSION = 4.2;
				TARGETED_DEVICE_FAMILY = "1,2";
			};
			name = Release;
		};
/* End XCBuildConfiguration section */

/* Begin XCConfigurationList section */
		EB01D3B42162E7DF00250FB0 /* Build configuration list for PBXProject "Todoit" */ = {
			isa = XCConfigurationList;
			buildConfigurations = (
				EB01D3C92162E7E400250FB0 /* Debug */,
				EB01D3CA2162E7E400250FB0 /* Release */,
			);
			defaultConfigurationIsVisible = 0;
			defaultConfigurationName = Release;
		};
		EB01D3CB2162E7E400250FB0 /* Build configuration list for PBXNativeTarget "Todoit" */ = {
			isa = XCConfigurationList;
			buildConfigurations = (
				EB01D3CC2162E7E400250FB0 /* Debug */,
				EB01D3CD2162E7E400250FB0 /* Release */,
			);
			defaultConfigurationIsVisible = 0;
			defaultConfigurationName = Release;
		};
/* End XCConfigurationList section */
	};
	rootObject = EB01D3B12162E7DF00250FB0 /* Project object */;
}
